<?xml version="1.0" encoding="utf-8"?>
<Project ToolsVersion="4.0" xmlns="http://schemas.microsoft.com/developer/msbuild/2003">
  <ItemGroup>
    <Filter Include="Source Files">
      <UniqueIdentifier>{4FC737F1-C7A5-4376-A066-2A32D752A2FF}</UniqueIdentifier>
      <Extensions>cpp;c;cc;cxx;def;odl;idl;hpj;bat;asm;asmx</Extensions>
    </Filter>
    <Filter Include="Header Files">
      <UniqueIdentifier>{93995380-89BD-4b04-88EB-625FBE52EBFB}</UniqueIdentifier>
      <Extensions>h;hh;hpp;hxx;hm;inl;inc;ipp;xsd</Extensions>
    </Filter>
    <Filter Include="Resource Files">
      <UniqueIdentifier>{67DA6AB6-F800-4c08-8B7A-83BB121AAD01}</UniqueIdentifier>
      <Extensions>rc;ico;cur;bmp;dlg;rc2;rct;bin;rgs;gif;jpg;jpeg;jpe;resx;tiff;tif;png;wav;mfcribbon-ms</Extensions>
    </Filter>
    <Filter Include="html">
      <UniqueIdentifier>{d972e79b-0140-4f94-af43-48d1b7a556a5}</UniqueIdentifier>
    </Filter>
  </ItemGroup>
  <ItemGroup>
    <ClCompile Include="F4Main.cpp">
      <Filter>Source Files</Filter>
    </ClCompile>
    <ClCompile Include="SocketCommunication.cpp">
      <Filter>Source Files</Filter>
    </ClCompile>
    <ClCompile Include="json11.cpp">
      <Filter>Source Files</Filter>
    </ClCompile>
    <ClCompile Include="socketClient.cpp">
      <Filter>Source Files</Filter>
    </ClCompile>
    <ClCompile Include="LoginWindow.cpp">
      <Filter>Source Files</Filter>
    </ClCompile>
    <ClCompile Include="ContactsListWindow.cpp">
      <Filter>Source Files</Filter>
    </ClCompile>
    <ClCompile Include="OutgoingCallWindow.cpp">
      <Filter>Source Files</Filter>
    </ClCompile>
    <ClCompile Include="IncommingCallWindow.cpp">
      <Filter>Source Files</Filter>
    </ClCompile>
    <ClCompile Include="MultimediaManager.cpp">
      <Filter>Source Files</Filter>
    </ClCompile>
    <ClCompile Include="MultiMediaReceiver.cpp">
      <Filter>Source Files</Filter>
    </ClCompile>
    <ClCompile Include="MultiMediaSender.cpp">
      <Filter>Source Files</Filter>
    </ClCompile>
  </ItemGroup>
  <ItemGroup>
    <None Include="packages.config" />
    <None Include="html1.htm" />
    <None Include="login.html">
      <Filter>html</Filter>
    </None>
    <None Include="contacts.html">
      <Filter>html</Filter>
    </None>
    <None Include="outgoingCall.html">
      <Filter>html</Filter>
    </None>
    <None Include="incommingCall.html">
      <Filter>html</Filter>
    </None>
  </ItemGroup>
  <ItemGroup>
    <ClInclude Include="SocketCommunication.h">
      <Filter>Header Files</Filter>
    </ClInclude>
    <ClInclude Include="resource.h">
      <Filter>Header Files</Filter>
    </ClInclude>
    <ClInclude Include="json11.hpp">
      <Filter>Header Files</Filter>
    </ClInclude>
    <ClInclude Include="socketClient.h">
      <Filter>Header Files</Filter>
    </ClInclude>
    <ClInclude Include="common.h">
      <Filter>Header Files</Filter>
    </ClInclude>
    <ClInclude Include="LoginWindow.h">
      <Filter>Header Files</Filter>
    </ClInclude>
    <ClInclude Include="ContactsListWindow.h">
      <Filter>Header Files</Filter>
    </ClInclude>
    <ClInclude Include="OutgoingCallWindow.h">
      <Filter>Header Files</Filter>
    </ClInclude>
    <ClInclude Include="IncommingCallWindow.h">
      <Filter>Header Files</Filter>
    </ClInclude>
    <ClInclude Include="MultiMediaInterface.h">
      <Filter>Header Files</Filter>
    </ClInclude>
    <ClInclude Include="MultimediaManager.h">
      <Filter>Header Files</Filter>
    </ClInclude>
    <ClInclude Include="MultiMediaReceiver.h">
      <Filter>Header Files</Filter>
    </ClInclude>
    <ClInclude Include="MultiMediaSender.h">
      <Filter>Header Files</Filter>
    </ClInclude>
  </ItemGroup>
  <ItemGroup>
    <ResourceCompile Include="WebView2GettingStarted.rc">
      <Filter>Resource Files</Filter>
    </ResourceCompile>
  </ItemGroup>
</Project>